Microsoft Visual Studio Solution File, Format Version 12.00
# Visual Studio Version 17
VisualStudioVersion = 17.5.2.0
MinimumVisualStudioVersion = 10.0.40219.1
Project("{FAE04EC0-301F-11D3-BF4B-00C04F79EFBC}") = "DeepSharp", "DeepSharp.csproj", "{4C04A493-1FA8-B16C-E16A-964AC11FFBB7}"
EndProject
Global
	GlobalSection(SolutionConfigurationPlatforms) = preSolution
		Debug|Any CPU = Debug|Any CPU
		Release|Any CPU = Release|Any CPU
	EndGlobalSection
	GlobalSection(ProjectConfigurationPlatforms) = postSolution
		{4C04A493-1FA8-B16C-E16A-964AC11FFBB7}.Debug|Any CPU.ActiveCfg = Debug|Any CPU
		{4C04A493-1FA8-B16C-E16A-964AC11FFBB7}.Debug|Any CPU.Build.0 = Debug|Any CPU
		{4C04A493-1FA8-B16C-E16A-964AC11FFBB7}.Release|Any CPU.ActiveCfg = Release|Any CPU
		{4C04A493-1FA8-B16C-E16A-964AC11FFBB7}.Release|Any CPU.Build.0 = Release|Any CPU
	EndGlobalSection
	GlobalSection(SolutionProperties) = preSolution
		HideSolutionNode = FALSE
	EndGlobalSection
	GlobalSection(ExtensibilityGlobals) = postSolution
		SolutionGuid = {4CD1E7A4-E647-401C-98A0-26F35A9AB638}
	EndGlobalSection
EndGlobal
